
Microsoft Visual Studio Solution File, Format Version 12.00
# Visual Studio Version 16
VisualStudioVersion = 16.0.28803.452
MinimumVisualStudioVersion = 10.0.40219.1
Project("{FAE04EC0-301F-11D3-BF4B-00C04F79EFBC}") = "t_corr", "t_corr.csproj", "{94B46905-F7A7-4219-8AB7-F2B502597657}"
EndProject
Global
	GlobalSection(SolutionConfigurationPlatforms) = preSolution
		Debug|Any CPU = Debug|Any CPU
		Release|Any CPU = Release|Any CPU
	EndGlobalSection
	GlobalSection(ProjectConfigurationPlatforms) = postSolution
		{94B46905-F7A7-4219-8AB7-F2B502597657}.Debug|Any CPU.ActiveCfg = Debug|Any CPU
		{94B46905-F7A7-4219-8AB7-F2B502597657}.Debug|Any CPU.Build.0 = Debug|Any CPU
		{94B46905-F7A7-4219-8AB7-F2B502597657}.Release|Any CPU.ActiveCfg = Release|Any CPU
		{94B46905-F7A7-4219-8AB7-F2B502597657}.Release|Any CPU.Build.0 = Release|Any CPU
	EndGlobalSection
	GlobalSection(SolutionProperties) = preSolution
		HideSolutionNode = FALSE
	EndGlobalSection
	GlobalSection(ExtensibilityGlobals) = postSolution
		SolutionGuid = {2DF2166D-5656-4D43-9E6D-2D39E3F6BFE6}
	EndGlobalSection
EndGlobal
